
Microsoft Visual Studio Solution File, Format Version 12.00
# Visual Studio Version 16
VisualStudioVersion = 16.0.31911.196
MinimumVisualStudioVersion = 10.0.40219.1
Project("{FAE04EC0-301F-11D3-BF4B-00C04F79EFBC}") = "Vkm.Console", "Vkm.Console\Vkm.Console.csproj", "{18234C40-DFA2-4216-AC7A-6739A1F4C6B1}"
EndProject
Project("{FAE04EC0-301F-11D3-BF4B-00C04F79EFBC}") = "Vkm.Library", "Vkm.Library\Vkm.Library.csproj", "{603F023B-B30F-4CF4-A368-7477C2B1B61C}"
EndProject
Project("{FAE04EC0-301F-11D3-BF4B-00C04F79EFBC}") = "Vkm.Manager", "Vkm.Manager\Vkm.Manager.csproj", "{20345943-3550-4CD4-A42B-FCA90AA78116}"
	ProjectSection(ProjectDependencies) = postProject
		{603F023B-B30F-4CF4-A368-7477C2B1B61C} = {603F023B-B30F-4CF4-A368-7477C2B1B61C}
		{4600F8BF-E610-4458-8EFB-399DF78453E3} = {4600F8BF-E610-4458-8EFB-399DF78453E3}
		{887C5BD3-B957-4A20-928E-8101C9AF1C15} = {887C5BD3-B957-4A20-928E-8101C9AF1C15}
		{6444C9E9-8DC1-4C0B-97A5-7123767C7904} = {6444C9E9-8DC1-4C0B-97A5-7123767C7904}
	EndProjectSection
EndProject
Project("{FAE04EC0-301F-11D3-BF4B-00C04F79EFBC}") = "CoreAudioApi", "CoreAudioApi\CoreAudioApi.csproj", "{BC339D74-1608-4C64-A2D8-6133041BF144}"
EndProject
Project("{9A19103F-16F7-4668-BE54-9A1E7A4F7556}") = "Vkm.Library.Interfaces.Core", "Vkm.Library.Interfaces.Core\Vkm.Library.Interfaces.Core.csproj", "{9803E105-7152-4BC2-B175-7E8E86DD5993}"
EndProject
Project("{9A19103F-16F7-4668-BE54-9A1E7A4F7556}") = "Vkm.Api.Core", "Vkm.Api.Core\Vkm.Api.Core.csproj", "{B1766AC5-85EA-473B-B4A7-7553C6D4ECE4}"
EndProject
Project("{FAE04EC0-301F-11D3-BF4B-00C04F79EFBC}") = "Vkm.Common.Win32", "Vkm.Common.Win32\Vkm.Common.Win32.csproj", "{0CF86EA0-0FBD-4DE8-9F6E-4FF34B3E782E}"
EndProject
Project("{FAE04EC0-301F-11D3-BF4B-00C04F79EFBC}") = "Vkm.Device.Virtual", "Vkm.Device.Virtual\Vkm.Device.Virtual.csproj", "{887C5BD3-B957-4A20-928E-8101C9AF1C15}"
EndProject
Project("{FAE04EC0-301F-11D3-BF4B-00C04F79EFBC}") = "Vkm.Device.StreamDeck", "Vkm.Device.StreamDeck\Vkm.Device.StreamDeck.csproj", "{6444C9E9-8DC1-4C0B-97A5-7123767C7904}"
EndProject
Project("{9A19103F-16F7-4668-BE54-9A1E7A4F7556}") = "Vkm.Kernel.Core", "Vkm.Kernel.Core\Vkm.Kernel.Core.csproj", "{A67AAF40-448B-44B5-A972-A755065ED171}"
EndProject
Project("{9A19103F-16F7-4668-BE54-9A1E7A4F7556}") = "Vkm.Common.Core", "Vkm.Common\Vkm.Common.Core.csproj", "{CB44E93A-BE9B-48CD-8CEE-942B25E49121}"
EndProject
Project("{9A19103F-16F7-4668-BE54-9A1E7A4F7556}") = "Vkm.Library.Core", "Vkm.Library.Core\Vkm.Library.Core.csproj", "{76839D73-163A-4844-9C96-5384AFE4DC62}"
EndProject
Project("{9A19103F-16F7-4668-BE54-9A1E7A4F7556}") = "Vkm.TestProject", "Vkm.TestProject\Vkm.TestProject.csproj", "{74013210-F8CD-4D46-AED2-A80BB200AE6B}"
EndProject
Project("{9A19103F-16F7-4668-BE54-9A1E7A4F7556}") = "Vkm.Intercom.Core", "Vkm.Intercom\Vkm.Intercom.Core.csproj", "{940BE671-1CA5-40BA-9C56-5E95006AA913}"
EndProject
Project("{9A19103F-16F7-4668-BE54-9A1E7A4F7556}") = "Vkm.Intercom.Service.Core", "Vkm.Intercom.Service.Core\Vkm.Intercom.Service.Core.csproj", "{681E7AD1-594C-4E63-AC64-A5D1BFF59DD8}"
EndProject
Project("{FAE04EC0-301F-11D3-BF4B-00C04F79EFBC}") = "Vkm.Intercom.Service", "Vkm.Intercom.Service\Vkm.Intercom.Service.csproj", "{4600F8BF-E610-4458-8EFB-399DF78453E3}"
EndProject
Project("{FAE04EC0-301F-11D3-BF4B-00C04F79EFBC}") = "HarmonyHub", "HarmonyHub\HarmonyHub.csproj", "{561D5F22-2CCF-4D84-A677-EB54CC39AFBF}"
EndProject
Project("{FAE04EC0-301F-11D3-BF4B-00C04F79EFBC}") = "WinFormsApp1", "WinFormsApp1\WinFormsApp1.csproj", "{EDFA1BFB-A2D9-4718-A644-4032C5E7ACE3}"
EndProject
Global
	GlobalSection(SolutionConfigurationPlatforms) = preSolution
		Debug|Any CPU = Debug|Any CPU
		Debug|x64 = Debug|x64
		Release|Any CPU = Release|Any CPU
		Release|x64 = Release|x64
	EndGlobalSection
	GlobalSection(ProjectConfigurationPlatforms) = postSolution
		{18234C40-DFA2-4216-AC7A-6739A1F4C6B1}.Debug|Any CPU.ActiveCfg = Debug|Any CPU
		{18234C40-DFA2-4216-AC7A-6739A1F4C6B1}.Debug|Any CPU.Build.0 = Debug|Any CPU
		{18234C40-DFA2-4216-AC7A-6739A1F4C6B1}.Debug|x64.ActiveCfg = Debug|Any CPU
		{18234C40-DFA2-4216-AC7A-6739A1F4C6B1}.Debug|x64.Build.0 = Debug|Any CPU
		{18234C40-DFA2-4216-AC7A-6739A1F4C6B1}.Release|Any CPU.ActiveCfg = Release|Any CPU
		{18234C40-DFA2-4216-AC7A-6739A1F4C6B1}.Release|Any CPU.Build.0 = Release|Any CPU
		{18234C40-DFA2-4216-AC7A-6739A1F4C6B1}.Release|x64.ActiveCfg = Release|Any CPU
		{18234C40-DFA2-4216-AC7A-6739A1F4C6B1}.Release|x64.Build.0 = Release|Any CPU
		{603F023B-B30F-4CF4-A368-7477C2B1B61C}.Debug|Any CPU.ActiveCfg = Debug|Any CPU
		{603F023B-B30F-4CF4-A368-7477C2B1B61C}.Debug|Any CPU.Build.0 = Debug|Any CPU
		{603F023B-B30F-4CF4-A368-7477C2B1B61C}.Debug|x64.ActiveCfg = Debug|Any CPU
		{603F023B-B30F-4CF4-A368-7477C2B1B61C}.Debug|x64.Build.0 = Debug|Any CPU
		{603F023B-B30F-4CF4-A368-7477C2B1B61C}.Release|Any CPU.ActiveCfg = Release|Any CPU
		{603F023B-B30F-4CF4-A368-7477C2B1B61C}.Release|Any CPU.Build.0 = Release|Any CPU
		{603F023B-B30F-4CF4-A368-7477C2B1B61C}.Release|x64.ActiveCfg = Release|Any CPU
		{603F023B-B30F-4CF4-A368-7477C2B1B61C}.Release|x64.Build.0 = Release|Any CPU
		{20345943-3550-4CD4-A42B-FCA90AA78116}.Debug|Any CPU.ActiveCfg = Debug|Any CPU
		{20345943-3550-4CD4-A42B-FCA90AA78116}.Debug|Any CPU.Build.0 = Debug|Any CPU
		{20345943-3550-4CD4-A42B-FCA90AA78116}.Debug|x64.ActiveCfg = Debug|Any CPU
		{20345943-3550-4CD4-A42B-FCA90AA78116}.Debug|x64.Build.0 = Debug|Any CPU
		{20345943-3550-4CD4-A42B-FCA90AA78116}.Release|Any CPU.ActiveCfg = Release|Any CPU
		{20345943-3550-4CD4-A42B-FCA90AA78116}.Release|Any CPU.Build.0 = Release|Any CPU
		{20345943-3550-4CD4-A42B-FCA90AA78116}.Release|x64.ActiveCfg = Release|Any CPU
		{20345943-3550-4CD4-A42B-FCA90AA78116}.Release|x64.Build.0 = Release|Any CPU
		{BC339D74-1608-4C64-A2D8-6133041BF144}.Debug|Any CPU.ActiveCfg = Debug|Any CPU
		{BC339D74-1608-4C64-A2D8-6133041BF144}.Debug|Any CPU.Build.0 = Debug|Any CPU
		{BC339D74-1608-4C64-A2D8-6133041BF144}.Debug|x64.ActiveCfg = Debug|x64
		{BC339D74-1608-4C64-A2D8-6133041BF144}.Debug|x64.Build.0 = Debug|x64
		{BC339D74-1608-4C64-A2D8-6133041BF144}.Release|Any CPU.ActiveCfg = Release|Any CPU
		{BC339D74-1608-4C64-A2D8-6133041BF144}.Release|Any CPU.Build.0 = Release|Any CPU
		{BC339D74-1608-4C64-A2D8-6133041BF144}.Release|x64.ActiveCfg = Release|x64
		{BC339D74-1608-4C64-A2D8-6133041BF144}.Release|x64.Build.0 = Release|x64
		{9803E105-7152-4BC2-B175-7E8E86DD5993}.Debug|Any CPU.ActiveCfg = Debug|Any CPU
		{9803E105-7152-4BC2-B175-7E8E86DD5993}.Debug|Any CPU.Build.0 = Debug|Any CPU
		{9803E105-7152-4BC2-B175-7E8E86DD5993}.Debug|x64.ActiveCfg = Debug|Any CPU
		{9803E105-7152-4BC2-B175-7E8E86DD5993}.Debug|x64.Build.0 = Debug|Any CPU
		{9803E105-7152-4BC2-B175-7E8E86DD5993}.Release|Any CPU.ActiveCfg = Release|Any CPU
		{9803E105-7152-4BC2-B175-7E8E86DD5993}.Release|Any CPU.Build.0 = Release|Any CPU
		{9803E105-7152-4BC2-B175-7E8E86DD5993}.Release|x64.ActiveCfg = Release|Any CPU
		{9803E105-7152-4BC2-B175-7E8E86DD5993}.Release|x64.Build.0 = Release|Any CPU
		{B1766AC5-85EA-473B-B4A7-7553C6D4ECE4}.Debug|Any CPU.ActiveCfg = Debug|Any CPU
		{B1766AC5-85EA-473B-B4A7-7553C6D4ECE4}.Debug|Any CPU.Build.0 = Debug|Any CPU
		{B1766AC5-85EA-473B-B4A7-7553C6D4ECE4}.Debug|x64.ActiveCfg = Debug|Any CPU
		{B1766AC5-85EA-473B-B4A7-7553C6D4ECE4}.Debug|x64.Build.0 = Debug|Any CPU
		{B1766AC5-85EA-473B-B4A7-7553C6D4ECE4}.Release|Any CPU.ActiveCfg = Release|Any CPU
		{B1766AC5-85EA-473B-B4A7-7553C6D4ECE4}.Release|Any CPU.Build.0 = Release|Any CPU
		{B1766AC5-85EA-473B-B4A7-7553C6D4ECE4}.Release|x64.ActiveCfg = Release|Any CPU
		{B1766AC5-85EA-473B-B4A7-7553C6D4ECE4}.Release|x64.Build.0 = Release|Any CPU
		{0CF86EA0-0FBD-4DE8-9F6E-4FF34B3E782E}.Debug|Any CPU.ActiveCfg = Debug|Any CPU
		{0CF86EA0-0FBD-4DE8-9F6E-4FF34B3E782E}.Debug|Any CPU.Build.0 = Debug|Any CPU
		{0CF86EA0-0FBD-4DE8-9F6E-4FF34B3E782E}.Debug|x64.ActiveCfg = Debug|Any CPU
		{0CF86EA0-0FBD-4DE8-9F6E-4FF34B3E782E}.Debug|x64.Build.0 = Debug|Any CPU
		{0CF86EA0-0FBD-4DE8-9F6E-4FF34B3E782E}.Release|Any CPU.ActiveCfg = Release|Any CPU
		{0CF86EA0-0FBD-4DE8-9F6E-4FF34B3E782E}.Release|Any CPU.Build.0 = Release|Any CPU
		{0CF86EA0-0FBD-4DE8-9F6E-4FF34B3E782E}.Release|x64.ActiveCfg = Release|Any CPU
		{0CF86EA0-0FBD-4DE8-9F6E-4FF34B3E782E}.Release|x64.Build.0 = Release|Any CPU
		{887C5BD3-B957-4A20-928E-8101C9AF1C15}.Debug|Any CPU.ActiveCfg = Debug|Any CPU
		{887C5BD3-B957-4A20-928E-8101C9AF1C15}.Debug|Any CPU.Build.0 = Debug|Any CPU
		{887C5BD3-B957-4A20-928E-8101C9AF1C15}.Debug|x64.ActiveCfg = Debug|Any CPU
		{887C5BD3-B957-4A20-928E-8101C9AF1C15}.Debug|x64.Build.0 = Debug|Any CPU
		{887C5BD3-B957-4A20-928E-8101C9AF1C15}.Release|Any CPU.ActiveCfg = Release|Any CPU
		{887C5BD3-B957-4A20-928E-8101C9AF1C15}.Release|Any CPU.Build.0 = Release|Any CPU
		{887C5BD3-B957-4A20-928E-8101C9AF1C15}.Release|x64.ActiveCfg = Release|Any CPU
		{887C5BD3-B957-4A20-928E-8101C9AF1C15}.Release|x64.Build.0 = Release|Any CPU
		{6444C9E9-8DC1-4C0B-97A5-7123767C7904}.Debug|Any CPU.ActiveCfg = Debug|Any CPU
		{6444C9E9-8DC1-4C0B-97A5-7123767C7904}.Debug|Any CPU.Build.0 = Debug|Any CPU
		{6444C9E9-8DC1-4C0B-97A5-7123767C7904}.Debug|x64.ActiveCfg = Debug|Any CPU
		{6444C9E9-8DC1-4C0B-97A5-7123767C7904}.Debug|x64.Build.0 = Debug|Any CPU
		{6444C9E9-8DC1-4C0B-97A5-7123767C7904}.Release|Any CPU.ActiveCfg = Release|Any CPU
		{6444C9E9-8DC1-4C0B-97A5-7123767C7904}.Release|Any CPU.Build.0 = Release|Any CPU
		{6444C9E9-8DC1-4C0B-97A5-7123767C7904}.Release|x64.ActiveCfg = Release|Any CPU
		{6444C9E9-8DC1-4C0B-97A5-7123767C7904}.Release|x64.Build.0 = Release|Any CPU
		{A67AAF40-448B-44B5-A972-A755065ED171}.Debug|Any CPU.ActiveCfg = Debug|Any CPU
		{A67AAF40-448B-44B5-A972-A755065ED171}.Debug|Any CPU.Build.0 = Debug|Any CPU
		{A67AAF40-448B-44B5-A972-A755065ED171}.Debug|x64.ActiveCfg = Debug|Any CPU
		{A67AAF40-448B-44B5-A972-A755065ED171}.Debug|x64.Build.0 = Debug|Any CPU
		{A67AAF40-448B-44B5-A972-A755065ED171}.Release|Any CPU.ActiveCfg = Release|Any CPU
		{A67AAF40-448B-44B5-A972-A755065ED171}.Release|Any CPU.Build.0 = Release|Any CPU
		{A67AAF40-448B-44B5-A972-A755065ED171}.Release|x64.ActiveCfg = Release|Any CPU
		{A67AAF40-448B-44B5-A972-A755065ED171}.Release|x64.Build.0 = Release|Any CPU
		{CB44E93A-BE9B-48CD-8CEE-942B25E49121}.Debug|Any CPU.ActiveCfg = Debug|Any CPU
		{CB44E93A-BE9B-48CD-8CEE-942B25E49121}.Debug|Any CPU.Build.0 = Debug|Any CPU
		{CB44E93A-BE9B-48CD-8CEE-942B25E49121}.Debug|x64.ActiveCfg = Debug|Any CPU
		{CB44E93A-BE9B-48CD-8CEE-942B25E49121}.Debug|x64.Build.0 = Debug|Any CPU
		{CB44E93A-BE9B-48CD-8CEE-942B25E49121}.Release|Any CPU.ActiveCfg = Release|Any CPU
		{CB44E93A-BE9B-48CD-8CEE-942B25E49121}.Release|Any CPU.Build.0 = Release|Any CPU
		{CB44E93A-BE9B-48CD-8CEE-942B25E49121}.Release|x64.ActiveCfg = Release|Any CPU
		{CB44E93A-BE9B-48CD-8CEE-942B25E49121}.Release|x64.Build.0 = Release|Any CPU
		{76839D73-163A-4844-9C96-5384AFE4DC62}.Debug|Any CPU.ActiveCfg = Debug|Any CPU
		{76839D73-163A-4844-9C96-5384AFE4DC62}.Debug|Any CPU.Build.0 = Debug|Any CPU
		{76839D73-163A-4844-9C96-5384AFE4DC62}.Debug|x64.ActiveCfg = Debug|Any CPU
		{76839D73-163A-4844-9C96-5384AFE4DC62}.Debug|x64.Build.0 = Debug|Any CPU
		{76839D73-163A-4844-9C96-5384AFE4DC62}.Release|Any CPU.ActiveCfg = Release|Any CPU
		{76839D73-163A-4844-9C96-5384AFE4DC62}.Release|Any CPU.Build.0 = Release|Any CPU
		{76839D73-163A-4844-9C96-5384AFE4DC62}.Release|x64.ActiveCfg = Release|Any CPU
		{76839D73-163A-4844-9C96-5384AFE4DC62}.Release|x64.Build.0 = Release|Any CPU
		{74013210-F8CD-4D46-AED2-A80BB200AE6B}.Debug|Any CPU.ActiveCfg = Debug|Any CPU
		{74013210-F8CD-4D46-AED2-A80BB200AE6B}.Debug|Any CPU.Build.0 = Debug|Any CPU
		{74013210-F8CD-4D46-AED2-A80BB200AE6B}.Debug|x64.ActiveCfg = Debug|Any CPU
		{74013210-F8CD-4D46-AED2-A80BB200AE6B}.Debug|x64.Build.0 = Debug|Any CPU
		{74013210-F8CD-4D46-AED2-A80BB200AE6B}.Release|Any CPU.ActiveCfg = Release|Any CPU
		{74013210-F8CD-4D46-AED2-A80BB200AE6B}.Release|Any CPU.Build.0 = Release|Any CPU
		{74013210-F8CD-4D46-AED2-A80BB200AE6B}.Release|x64.ActiveCfg = Release|Any CPU
		{74013210-F8CD-4D46-AED2-A80BB200AE6B}.Release|x64.Build.0 = Release|Any CPU
		{940BE671-1CA5-40BA-9C56-5E95006AA913}.Debug|Any CPU.ActiveCfg = Debug|Any CPU
		{940BE671-1CA5-40BA-9C56-5E95006AA913}.Debug|Any CPU.Build.0 = Debug|Any CPU
		{940BE671-1CA5-40BA-9C56-5E95006AA913}.Debug|x64.ActiveCfg = Debug|Any CPU
		{940BE671-1CA5-40BA-9C56-5E95006AA913}.Debug|x64.Build.0 = Debug|Any CPU
		{940BE671-1CA5-40BA-9C56-5E95006AA913}.Release|Any CPU.ActiveCfg = Release|Any CPU
		{940BE671-1CA5-40BA-9C56-5E95006AA913}.Release|Any CPU.Build.0 = Release|Any CPU
		{940BE671-1CA5-40BA-9C56-5E95006AA913}.Release|x64.ActiveCfg = Release|Any CPU
		{940BE671-1CA5-40BA-9C56-5E95006AA913}.Release|x64.Build.0 = Release|Any CPU
		{681E7AD1-594C-4E63-AC64-A5D1BFF59DD8}.Debug|Any CPU.ActiveCfg = Debug|Any CPU
		{681E7AD1-594C-4E63-AC64-A5D1BFF59DD8}.Debug|Any CPU.Build.0 = Debug|Any CPU
		{681E7AD1-594C-4E63-AC64-A5D1BFF59DD8}.Debug|x64.ActiveCfg = Debug|Any CPU
		{681E7AD1-594C-4E63-AC64-A5D1BFF59DD8}.Debug|x64.Build.0 = Debug|Any CPU
		{681E7AD1-594C-4E63-AC64-A5D1BFF59DD8}.Release|Any CPU.ActiveCfg = Release|Any CPU
		{681E7AD1-594C-4E63-AC64-A5D1BFF59DD8}.Release|Any CPU.Build.0 = Release|Any CPU
		{681E7AD1-594C-4E63-AC64-A5D1BFF59DD8}.Release|x64.ActiveCfg = Release|Any CPU
		{681E7AD1-594C-4E63-AC64-A5D1BFF59DD8}.Release|x64.Build.0 = Release|Any CPU
		{4600F8BF-E610-4458-8EFB-399DF78453E3}.Debug|Any CPU.ActiveCfg = Debug|Any CPU
		{4600F8BF-E610-4458-8EFB-399DF78453E3}.Debug|Any CPU.Build.0 = Debug|Any CPU
		{4600F8BF-E610-4458-8EFB-399DF78453E3}.Debug|x64.ActiveCfg = Debug|Any CPU
		{4600F8BF-E610-4458-8EFB-399DF78453E3}.Debug|x64.Build.0 = Debug|Any CPU
		{4600F8BF-E610-4458-8EFB-399DF78453E3}.Release|Any CPU.ActiveCfg = Release|Any CPU
		{4600F8BF-E610-4458-8EFB-399DF78453E3}.Release|Any CPU.Build.0 = Release|Any CPU
		{4600F8BF-E610-4458-8EFB-399DF78453E3}.Release|x64.ActiveCfg = Release|Any CPU
		{4600F8BF-E610-4458-8EFB-399DF78453E3}.Release|x64.Build.0 = Release|Any CPU
		{561D5F22-2CCF-4D84-A677-EB54CC39AFBF}.Debug|Any CPU.ActiveCfg = Debug|Any CPU
		{561D5F22-2CCF-4D84-A677-EB54CC39AFBF}.Debug|Any CPU.Build.0 = Debug|Any CPU
		{561D5F22-2CCF-4D84-A677-EB54CC39AFBF}.Debug|x64.ActiveCfg = Debug|Any CPU
		{561D5F22-2CCF-4D84-A677-EB54CC39AFBF}.Debug|x64.Build.0 = Debug|Any CPU
		{561D5F22-2CCF-4D84-A677-EB54CC39AFBF}.Release|Any CPU.ActiveCfg = Release|Any CPU
		{561D5F22-2CCF-4D84-A677-EB54CC39AFBF}.Release|Any CPU.Build.0 = Release|Any CPU
		{561D5F22-2CCF-4D84-A677-EB54CC39AFBF}.Release|x64.ActiveCfg = Release|Any CPU
		{561D5F22-2CCF-4D84-A677-EB54CC39AFBF}.Release|x64.Build.0 = Release|Any CPU
		{EDFA1BFB-A2D9-4718-A644-4032C5E7ACE3}.Debug|Any CPU.ActiveCfg = Debug|Any CPU
		{EDFA1BFB-A2D9-4718-A644-4032C5E7ACE3}.Debug|Any CPU.Build.0 = Debug|Any CPU
		{EDFA1BFB-A2D9-4718-A644-4032C5E7ACE3}.Debug|x64.ActiveCfg = Debug|Any CPU
		{EDFA1BFB-A2D9-4718-A644-4032C5E7ACE3}.Debug|x64.Build.0 = Debug|Any CPU
		{EDFA1BFB-A2D9-4718-A644-4032C5E7ACE3}.Release|Any CPU.ActiveCfg = Release|Any CPU
		{EDFA1BFB-A2D9-4718-A644-4032C5E7ACE3}.Release|Any CPU.Build.0 = Release|Any CPU
		{EDFA1BFB-A2D9-4718-A644-4032C5E7ACE3}.Release|x64.ActiveCfg = Release|Any CPU
		{EDFA1BFB-A2D9-4718-A644-4032C5E7ACE3}.Release|x64.Build.0 = Release|Any CPU
	EndGlobalSection
	GlobalSection(SolutionProperties) = preSolution
		HideSolutionNode = FALSE
	EndGlobalSection
	GlobalSection(ExtensibilityGlobals) = postSolution
		SolutionGuid = {89772B10-4283-4A87-BBA2-D3DD36945F6A}
	EndGlobalSection
EndGlobal
